{
  "name": "k21-node-sample",
  "version": "1.0.0",
  "lockfileVersion": 3,
  "requires": true,
  "packages": {
    "": {
      "name": "k21-node-sample",
      "version": "1.0.0",
      "license": "MIT",
      "dependencies": {
        "@kontext21/k21": "^0.12.0-0"
      }
    },
    "node_modules/@kontext21/k21": {
      "version": "0.12.0-0",
      "resolved": "https://registry.npmjs.org/@kontext21/k21/-/k21-0.12.0-0.tgz",
      "integrity": "sha512-ISSnuhckLRcdt4xgF5iviOGh/1schpMDOHc4WwHbpnYuT4M1AnzBdWsJm60F2Wf4/lrDkF+xnwHc1eRgqrtc2w==",
      "license": "MIT",
      "engines": {
        "node": ">= 10"
      },
      "optionalDependencies": {
        "@kontext21/k21-android-arm-eabi": "0.12.0-0",
        "@kontext21/k21-android-arm64": "0.12.0-0",
        "@kontext21/k21-darwin-arm64": "0.12.0-0",
        "@kontext21/k21-darwin-x64": "0.12.0-0",
        "@kontext21/k21-freebsd-x64": "0.12.0-0",
        "@kontext21/k21-linux-arm-gnueabihf": "0.12.0-0",
        "@kontext21/k21-linux-arm64-gnu": "0.12.0-0",
        "@kontext21/k21-linux-arm64-musl": "0.12.0-0",
        "@kontext21/k21-linux-x64-gnu": "0.12.0-0",
        "@kontext21/k21-linux-x64-musl": "0.12.0-0",
        "@kontext21/k21-win32-arm64-msvc": "0.12.0-0",
        "@kontext21/k21-win32-ia32-msvc": "0.12.0-0",
        "@kontext21/k21-win32-x64-msvc": "0.12.0-0"
      }
    },
    "node_modules/@kontext21/k21-darwin-arm64": {
      "version": "0.12.0-0",
      "resolved": "https://registry.npmjs.org/@kontext21/k21-darwin-arm64/-/k21-darwin-arm64-0.12.0-0.tgz",
      "integrity": "sha512-Y+ZHBGE1TZKLoL6e7hQBWDftZqOF7R4j0DZOxY4W13eIoq1K20y/YvnMPv00lFqLrxutdOSJGm/P4M+Jg/kn+w==",
      "cpu": [
        "arm64"
      ],
      "license": "MIT",
      "optional": true,
      "os": [
        "darwin"
      ],
      "engines": {
        "node": ">= 10"
      }
    },
    "node_modules/@kontext21/k21-win32-x64-msvc": {
      "version": "0.12.0-0",
      "resolved": "https://registry.npmjs.org/@kontext21/k21-win32-x64-msvc/-/k21-win32-x64-msvc-0.12.0-0.tgz",
      "integrity": "sha512-LLIxW99Dbha/c268Cyldzixuukmol4DSWOvq7NMGNX7vfZC596tpjd70DQJ+tTfCZ71xTLWuCOSrsrlLvur2bw==",
      "cpu": [
        "x64"
      ],
      "license": "MIT",
      "optional": true,
      "os": [
        "win32"
      ],
      "engines": {
        "node": ">= 10"
      }
    }
  }
}
